lockfile_version: '1'
generated_at: '2026-06-10T10:34:59.684264+00:00'
apm_version: 0.15.0
dependencies:
- repo_url: Netcracker/qubership-ai-packages
  host: github.com
  resolved_commit: aa81564d82360fb5bcbe9d08dcaec44c016aec58
  virtual_path: agent-packages/apm-authoring
  is_virtual: true
  package_type: apm_package
  deployed_files:
  - .agents/skills/apm-authoring
  - .claude/rules/apm-authoring.md
  - .claude/skills/apm-authoring
  - .github/instructions/apm-authoring.instructions.md
  deployed_file_hashes:
    .claude/rules/apm-authoring.md: sha256:5c4185d3d69333a810c01f5e26a8ea46b033e7082a21f1551433d6c97d8a24a2
    .github/instructions/apm-authoring.instructions.md: sha256:9ae7ddb9835b7074edd9d3e7f6df95426941ce6024b35b0d17aeb5d77322a4ce
  content_hash: sha256:67d86cc0cae0313cfbfa3e6a16d52c0184bc477711a4d2d668236fca5f7c2c47
  is_dev: true
- repo_url: _local/qubership-workflow-hub-usage
  package_type: apm_package
  deployed_files:
  - .agents/skills/qubership-actions-guide
  - .agents/skills/qubership-templates-guide
  - .agents/skills/qubership-workflow-conventions
  - .claude/rules/qubership-workflow-hub-usage.md
  - .claude/skills/qubership-actions-guide
  - .claude/skills/qubership-templates-guide
  - .claude/skills/qubership-workflow-conventions
  - .github/instructions/qubership-workflow-hub-usage.instructions.md
  deployed_file_hashes:
    .claude/rules/qubership-workflow-hub-usage.md: sha256:3b936301f81645936d916eb4b21578b8721dc373b521062860d7ed7731681636
    .github/instructions/qubership-workflow-hub-usage.instructions.md: sha256:a4fb9da3490407cefc758582806d14862a5dad56e0efd9fc75bdb082ef69b75f
  source: local
  local_path: ./agent-packages/qubership-workflow-hub-usage
  is_dev: true
