lockfile_version: '1'
generated_at: '2026-05-28T07:40:11.190742+00:00'
apm_version: 0.15.0
dependencies:
- repo_url: Netcracker/qubership-ai-packages
  host: github.com
  resolved_commit: 20ce88a1401e0fe253475c13413bd34263ef32e0
  virtual_path: agent-packages/apm-authoring
  is_virtual: true
  package_type: apm_package
  deployed_files:
  - .claude/rules/apm-authoring.md
  - .claude/skills/apm-authoring
  deployed_file_hashes:
    .claude/rules/apm-authoring.md: sha256:0149a17b87bed3e19e36ef8b8c246a523aed0d8e34e815c5aa9491def2b16945
  content_hash: sha256:67d86cc0cae0313cfbfa3e6a16d52c0184bc477711a4d2d668236fca5f7c2c47
  is_dev: true
